
Microsoft Visual Studio Solution File, Format Version 12.00
# Visual Studio Version 16
VisualStudioVersion = 16.0.30621.155
MinimumVisualStudioVersion = 10.0.40219.1
Project("{FAE04EC0-301F-11D3-BF4B-00C04F79EFBC}") = "HepsiBurada_Mars", "HepsiBurada_Mars\HepsiBurada_Mars.csproj", "{116E6607-1E93-4B49-9E19-E3B16174E9E5}"
EndProject
Global
	GlobalSection(SolutionConfigurationPlatforms) = preSolution
		Debug|Any CPU = Debug|Any CPU
		Release|Any CPU = Release|Any CPU
	EndGlobalSection
	GlobalSection(ProjectConfigurationPlatforms) = postSolution
		{116E6607-1E93-4B49-9E19-E3B16174E9E5}.Debug|Any CPU.ActiveCfg = Debug|Any CPU
		{116E6607-1E93-4B49-9E19-E3B16174E9E5}.Debug|Any CPU.Build.0 = Debug|Any CPU
		{116E6607-1E93-4B49-9E19-E3B16174E9E5}.Release|Any CPU.ActiveCfg = Release|Any CPU
		{116E6607-1E93-4B49-9E19-E3B16174E9E5}.Release|Any CPU.Build.0 = Release|Any CPU
	EndGlobalSection
	GlobalSection(SolutionProperties) = preSolution
		HideSolutionNode = FALSE
	EndGlobalSection
	GlobalSection(ExtensibilityGlobals) = postSolution
		SolutionGuid = {D232AE1E-01FF-485F-A3B5-6748F2DECE48}
	EndGlobalSection
EndGlobal
