
Microsoft Visual Studio Solution File, Format Version 12.00
# Visual Studio Version 16
VisualStudioVersion = 16.0.30621.155
MinimumVisualStudioVersion = 10.0.40219.1
Project("{FAE04EC0-301F-11D3-BF4B-00C04F79EFBC}") = "UnitTestProject1", "UnitTestProject1\UnitTestProject1.csproj", "{B756CEBC-97A8-412B-B2C1-853F918708AB}"
EndProject
Project("{FAE04EC0-301F-11D3-BF4B-00C04F79EFBC}") = "Hepsiburada_Mars_Project", "Hepsiburada_Mars_Project\Hepsiburada_Mars_Project.csproj", "{4FDF80B4-C86E-4A65-BC3A-C53D4E924254}"
EndProject
Global
	GlobalSection(SolutionConfigurationPlatforms) = preSolution
		Debug|Any CPU = Debug|Any CPU
		Release|Any CPU = Release|Any CPU
	EndGlobalSection
	GlobalSection(ProjectConfigurationPlatforms) = postSolution
		{B756CEBC-97A8-412B-B2C1-853F918708AB}.Debug|Any CPU.ActiveCfg = Debug|Any CPU
		{B756CEBC-97A8-412B-B2C1-853F918708AB}.Debug|Any CPU.Build.0 = Debug|Any CPU
		{B756CEBC-97A8-412B-B2C1-853F918708AB}.Release|Any CPU.ActiveCfg = Release|Any CPU
		{B756CEBC-97A8-412B-B2C1-853F918708AB}.Release|Any CPU.Build.0 = Release|Any CPU
		{4FDF80B4-C86E-4A65-BC3A-C53D4E924254}.Debug|Any CPU.ActiveCfg = Debug|Any CPU
		{4FDF80B4-C86E-4A65-BC3A-C53D4E924254}.Debug|Any CPU.Build.0 = Debug|Any CPU
		{4FDF80B4-C86E-4A65-BC3A-C53D4E924254}.Release|Any CPU.ActiveCfg = Release|Any CPU
		{4FDF80B4-C86E-4A65-BC3A-C53D4E924254}.Release|Any CPU.Build.0 = Release|Any CPU
	EndGlobalSection
	GlobalSection(SolutionProperties) = preSolution
		HideSolutionNode = FALSE
	EndGlobalSection
	GlobalSection(ExtensibilityGlobals) = postSolution
		SolutionGuid = {D232AE1E-01FF-485F-A3B5-6748F2DECE48}
	EndGlobalSection
EndGlobal
